dependencies:
  esp_cam_sensor:
    dependencies:
    - name: idf
      version: '>=5.3'
    - name: esp_sccb_intf
      override_path: ../esp_sccb_intf
      version: '>=0.0.5'
    - name: espressif/cmake_utilities
      version: 0.*
    source:
      path: /Users/Bill/Documents/capstone_camera/camera_firmware/esp_cam_sensor
      type: local
    targets:
    - esp32p4
    - esp32s3
    - esp32c3
    - esp32c5
    - esp32c6
    - esp32c61
    version: 1.5.2
  esp_ipa:
    dependencies:
    - name: idf
      version: '>=5.4'
    - name: espressif/cmake_utilities
      version: 0.*
    source:
      path: /Users/Bill/Documents/capstone_camera/camera_firmware/esp_ipa
      type: local
    targets:
    - esp32p4
    version: 1.2.0
  esp_sccb_intf:
    dependencies:
    - name: idf
      version: '>=5.3'
    source:
      path: /Users/Bill/Documents/capstone_camera/camera_firmware/esp_sccb_intf
      type: local
    version: 0.0.6
  esp_video:
    dependencies:
    - name: idf
      version: '>=5.4'
    - name: espressif/cmake_utilities
      version: 0.*
    - name: espressif/esp_h264
      rules:
      - if: target in [esp32p4]
      version: 1.0.4
    - name: espressif/usb
      rules:
      - if: target in [esp32p4, esp32s3]
      - if: idf_version >=6.0
      version: '*'
    - name: espressif/usb_host_uvc
      rules:
      - if: target in [esp32p4, esp32s3]
      version: 2.3.*
    - name: esp_cam_sensor
      override_path: ../esp_cam_sensor
      version: 1.5.*
    - name: esp_ipa
      override_path: ../esp_ipa
      rules:
      - if: target in [esp32p4]
      version: ~1.2.0
    source:
      path: /Users/Bill/Documents/capstone_camera/camera_firmware/esp_video
      type: local
    targets:
    - esp32p4
    - esp32s3
    - esp32c3
    - esp32c5
    - esp32c6
    - esp32c61
    version: 1.3.1
  espressif/cmake_utilities:
    component_hash: 351350613ceafba240b761b4ea991e0f231ac7a9f59a9ee901f751bddc0bb18f
    dependencies:
    - name: idf
      require: private
      version: '>=4.1'
    source:
      registry_url: https://components.espressif.com/
      type: service
    version: 0.5.3
  espressif/eppp_link:
    component_hash: 9472e6825f4bb71eca2b39cf1bc92659c1ac60bfd7416560ad033a7dd8641b17
    dependencies:
    - name: espressif/esp_serial_slave_link
      registry_url: https://components.espressif.com
      require: private
      version: ^1.1.0
    - name: idf
      require: private
      version: '>=5.2'
    source:
      registry_url: https://components.espressif.com
      type: service
    version: 1.1.4
  espressif/esp_h264:
    component_hash: fa5daaebc8a304f0b79bc57e51aab43e0a03eabc2ba3865bff4063c56b5d4564
    dependencies:
    - name: idf
      require: private
      version: '>=4.4'
    source:
      registry_url: https://components.espressif.com/
      type: service
    version: 1.0.4
  espressif/esp_hosted:
    component_hash: 5e1f8af8b51b47714eafb30c59bac952d6abc03125c01cb6a970f368d1e1cb83
    dependencies:
    - name: idf
      require: private
      version: '>=5.3'
    source:
      registry_url: https://components.espressif.com
      type: service
    version: 2.11.7
  espressif/esp_new_jpeg:
    component_hash: 2f06f88e94fbc781b26a9be4291ff4ffc88596c90436a1e1358a7a38296b44ae
    dependencies: []
    source:
      registry_url: https://components.espressif.com/
      type: service
    targets:
    - esp32
    - esp32s2
    - esp32s3
    - esp32p4
    - esp32c2
    - esp32c3
    - esp32c5
    - esp32c6
    version: 1.0.0
  espressif/esp_serial_slave_link:
    component_hash: ac1776806de0a6e371c84e87898bb983e19ce62aa7f1e2e5c4a3b0234a575d2c
    dependencies:
    - name: idf
      require: private
      version: '>=5.0'
    source:
      registry_url: https://components.espressif.com
      type: service
    version: 1.1.2
  espressif/esp_tinyusb:
    component_hash: 6cc731885fb4415c1dfc63e660ee5629077c3b7352e7a5eccd035586f65bca11
    dependencies:
    - name: idf
      require: private
      version: '>=5.0'
    - name: espressif/tinyusb
      registry_url: https://components.espressif.com
      require: public
      version: '>=0.17.0~2'
    source:
      registry_url: https://components.espressif.com/
      type: service
    targets:
    - esp32s2
    - esp32s3
    - esp32p4
    - esp32h4
    version: 2.1.0
  espressif/esp_wifi_remote:
    component_hash: 67efd839bd84efb94b149a28044f9918473e7f4facf709bf4121744e4927df09
    dependencies:
    - name: espressif/esp_hosted
      registry_url: https://components.espressif.com
      require: private
      rules:
      - if: target in [esp32h2, esp32p4]
      version: '>=2.11'
    - name: espressif/wifi_remote_over_eppp
      registry_url: https://components.espressif.com
      require: private
      version: '>=0.1'
    - name: idf
      require: private
      version: '>=5.3'
    source:
      registry_url: https://components.espressif.com/
      type: service
    version: 1.3.2
  espressif/mdns:
    component_hash: 29e47564b1a7ee778135e17fbbf2a2773f71c97ebabfe626c8eda7c958a7ad16
    dependencies:
    - name: idf
      require: private
      version: '>=5.0'
    source:
      registry_url: https://components.espressif.com/
      type: service
    version: 1.9.1
  espressif/tinyusb:
    component_hash: 5ea9d3b6d6b0734a0a0b3491967aa0e1bece2974132294dbda5dd2839b247bfa
    dependencies:
    - name: idf
      require: private
      version: '>=5.0'
    source:
      registry_url: https://components.espressif.com
      type: service
    targets:
    - esp32s2
    - esp32s3
    - esp32p4
    - esp32h4
    version: 0.19.0~2
  espressif/usb_host_uvc:
    component_hash: b0cb9a3a2eaa09dc6e5cc3e47e04d0a73e47c2d3dcfb3afce959224a1fe5fb5e
    dependencies:
    - name: idf
      require: private
      version: '>=5.0'
    - name: espressif/usb
      registry_url: https://components.espressif.com
      require: public
      rules:
      - if: idf_version >=6.0
      - if: target not in ["linux"]
      version: ^1.0.0
    source:
      registry_url: https://components.espressif.com/
      type: service
    targets:
    - esp32s2
    - esp32s3
    - esp32p4
    - esp32h4
    - linux
    version: 2.3.1
  espressif/wifi_remote_over_eppp:
    component_hash: ac4d13625cc9f88597cd612d2758580fac287d8ec731b606f2a0720d28cda6cd
    dependencies:
    - name: espressif/eppp_link
      registry_url: https://components.espressif.com
      require: private
      version: '>=0.1'
    - name: idf
      require: private
      version: '>=5.3'
    source:
      registry_url: https://components.espressif.com
      type: service
    version: 0.3.1
  example_video_common:
    dependencies:
    - name: idf
      version: '>=5.4'
    - name: espressif/esp_new_jpeg
      rules:
      - if: target not in [esp32c61]
      version: '*'
    source:
      path: /Users/Bill/Documents/capstone_camera/camera_firmware/esp_video/examples/common_components/example_video_common
      type: local
    version: '*'
  idf:
    source:
      type: idf
    version: 5.5.1
  protocol_examples_common:
    dependencies: []
    source:
      path: /Users/Bill/esp/v5.5.1/esp-idf/examples/common_components/protocol_examples_common
      type: local
    version: '*'
direct_dependencies:
- esp_video
- espressif/esp_tinyusb
- espressif/esp_wifi_remote
- espressif/mdns
- example_video_common
- idf
- protocol_examples_common
manifest_hash: 5b8765f43274775534e8dd50c367c5a02c0a01ab3d1e046f4daf33e9a349541b
target: esp32p4
version: 2.0.0
